# This file is automatically @generated by Wally.
# It is not intended for manual editing.
registry = "test"

[[package]]
name = "howmanysmall/janitor"
version = "1.15.2"
dependencies = []

[[package]]
name = "sleitnick/signal"
version = "1.5.0"
dependencies = []

[[package]]
name = "xswezan/orb"
version = "1.0.0"
dependencies = [["Janitor", "howmanysmall/janitor@1.15.2"], ["Signal", "sleitnick/signal@1.5.0"]]
